// !$*UTF8*$!
{
	archiveVersion = 1;
	classes = {
	};
	objectVersion = 50;
	objects = {

/* Begin PBXBuildFile section */
		B22F973D23AABAFF0023BBC6 /* AppointmentRecordingPlay.swift in Sources */ = {isa = PBXBuildFile; fileRef = B22F973C23AABAFF0023BBC6 /* AppointmentRecordingPlay.swift */; };
		B239986D23C2B30100B912FF /* AppointmentList.swift in Sources */ = {isa = PBXBuildFile; fileRef = B239986C23C2B30100B912FF /* AppointmentList.swift */; };
		B239986E23C2B30100B912FF /* AppointmentList.swift in Sources */ = {isa = PBXBuildFile; fileRef = B239986C23C2B30100B912FF /* AppointmentList.swift */; };
		B239986F23C2B30100B912FF /* AppointmentList.swift in Sources */ = {isa = PBXBuildFile; fileRef = B239986C23C2B30100B912FF /* AppointmentList.swift */; };
		B23FE11223C226360026BE03 /* CalendarMonth.swift in Sources */ = {isa = PBXBuildFile; fileRef = B23FE11123C226360026BE03 /* CalendarMonth.swift */; };
		B23FE11323C226360026BE03 /* CalendarMonth.swift in Sources */ = {isa = PBXBuildFile; fileRef = B23FE11123C226360026BE03 /* CalendarMonth.swift */; };
		B23FE11423C226360026BE03 /* CalendarMonth.swift in Sources */ = {isa = PBXBuildFile; fileRef = B23FE11123C226360026BE03 /* CalendarMonth.swift */; };
		B23FE11623C26E200026BE03 /* CalendarDay.swift in Sources */ = {isa = PBXBuildFile; fileRef = B23FE11523C26E200026BE03 /* CalendarDay.swift */; };
		B23FE11723C26E200026BE03 /* CalendarDay.swift in Sources */ = {isa = PBXBuildFile; fileRef = B23FE11523C26E200026BE03 /* CalendarDay.swift */; };
		B23FE11823C26E200026BE03 /* CalendarDay.swift in Sources */ = {isa = PBXBuildFile; fileRef = B23FE11523C26E200026BE03 /* CalendarDay.swift */; };
		B2447A6A23A7F2AB004AAD1F /* AppDelegate.swift in Sources */ = {isa = PBXBuildFile; fileRef = B2447A6923A7F2AB004AAD1F /* AppDelegate.swift */; };
		B2447A6C23A7F2AB004AAD1F /* SceneDelegate.swift in Sources */ = {isa = PBXBuildFile; fileRef = B2447A6B23A7F2AB004AAD1F /* SceneDelegate.swift */; };
		B2447A7023A7F2AE004AAD1F /* Assets.xcassets in Resources */ = {isa = PBXBuildFile; fileRef = B2447A6F23A7F2AE004AAD1F /* Assets.xcassets */; };
		B2447A7323A7F2AE004AAD1F /* Preview Assets.xcassets in Resources */ = {isa = PBXBuildFile; fileRef = B2447A7223A7F2AE004AAD1F /* Preview Assets.xcassets */; };
		B2447A7623A7F2AE004AAD1F /* LaunchScreen.storyboard in Resources */ = {isa = PBXBuildFile; fileRef = B2447A7423A7F2AE004AAD1F /* LaunchScreen.storyboard */; };
		B2447A8123A7F2AE004AAD1F /* Oncology_HelperTests.swift in Sources */ = {isa = PBXBuildFile; fileRef = B2447A8023A7F2AE004AAD1F /* Oncology_HelperTests.swift */; };
		B2447A8C23A7F2AE004AAD1F /* Oncology_HelperUITests.swift in Sources */ = {isa = PBXBuildFile; fileRef = B2447A8B23A7F2AE004AAD1F /* Oncology_HelperUITests.swift */; };
		B2447A9A23A7F35D004AAD1F /* HomePage.swift in Sources */ = {isa = PBXBuildFile; fileRef = B2447A9923A7F35D004AAD1F /* HomePage.swift */; };
		B2447A9E23A7F7B6004AAD1F /* UserData.swift in Sources */ = {isa = PBXBuildFile; fileRef = B2447A9D23A7F7B6004AAD1F /* UserData.swift */; };
		B2447A9F23A7F7EC004AAD1F /* HomePage.swift in Sources */ = {isa = PBXBuildFile; fileRef = B2447A9923A7F35D004AAD1F /* HomePage.swift */; };
		B2447AA023A7F7EC004AAD1F /* HomePage.swift in Sources */ = {isa = PBXBuildFile; fileRef = B2447A9923A7F35D004AAD1F /* HomePage.swift */; };
		B2447AA123A7F7F0004AAD1F /* UserData.swift in Sources */ = {isa = PBXBuildFile; fileRef = B2447A9D23A7F7B6004AAD1F /* UserData.swift */; };
		B2447AA223A7F7F1004AAD1F /* UserData.swift in Sources */ = {isa = PBXBuildFile; fileRef = B2447A9D23A7F7B6004AAD1F /* UserData.swift */; };
		B2447AA423A7F9D6004AAD1F /* appointmentData.json in Resources */ = {isa = PBXBuildFile; fileRef = B2447AA323A7F9D6004AAD1F /* appointmentData.json */; };
		B2447AA523A7FA4E004AAD1F /* appointmentData.json in Resources */ = {isa = PBXBuildFile; fileRef = B2447AA323A7F9D6004AAD1F /* appointmentData.json */; };
		B2447AA623A7FA50004AAD1F /* appointmentData.json in Resources */ = {isa = PBXBuildFile; fileRef = B2447AA323A7F9D6004AAD1F /* appointmentData.json */; };
		B2447AA823A80534004AAD1F /* Data.swift in Sources */ = {isa = PBXBuildFile; fileRef = B2447AA723A80534004AAD1F /* Data.swift */; };
		B2447AAA23A805A7004AAD1F /* Appointment.swift in Sources */ = {isa = PBXBuildFile; fileRef = B2447AA923A805A7004AAD1F /* Appointment.swift */; };
		B2447AAB23A80893004AAD1F /* Data.swift in Sources */ = {isa = PBXBuildFile; fileRef = B2447AA723A80534004AAD1F /* Data.swift */; };
		B2447AAC23A80894004AAD1F /* Data.swift in Sources */ = {isa = PBXBuildFile; fileRef = B2447AA723A80534004AAD1F /* Data.swift */; };
		B2447AAD23A80A87004AAD1F /* Appointment.swift in Sources */ = {isa = PBXBuildFile; fileRef = B2447AA923A805A7004AAD1F /* Appointment.swift */; };
		B2447AAE23A80A88004AAD1F /* Appointment.swift in Sources */ = {isa = PBXBuildFile; fileRef = B2447AA923A805A7004AAD1F /* Appointment.swift */; };
		B2447AB023A81654004AAD1F /* AppointmentRow.swift in Sources */ = {isa = PBXBuildFile; fileRef = B2447AAF23A81654004AAD1F /* AppointmentRow.swift */; };
		B2447AB123A816D4004AAD1F /* AppointmentRow.swift in Sources */ = {isa = PBXBuildFile; fileRef = B2447AAF23A81654004AAD1F /* AppointmentRow.swift */; };
		B2447AB223A816D5004AAD1F /* AppointmentRow.swift in Sources */ = {isa = PBXBuildFile; fileRef = B2447AAF23A81654004AAD1F /* AppointmentRow.swift */; };
		B2447AB423A8243D004AAD1F /* AppointmentDetail.swift in Sources */ = {isa = PBXBuildFile; fileRef = B2447AB323A8243D004AAD1F /* AppointmentDetail.swift */; };
		B2447AB523A82484004AAD1F /* AppointmentDetail.swift in Sources */ = {isa = PBXBuildFile; fileRef = B2447AB323A8243D004AAD1F /* AppointmentDetail.swift */; };
		B2447AB623A82485004AAD1F /* AppointmentDetail.swift in Sources */ = {isa = PBXBuildFile; fileRef = B2447AB323A8243D004AAD1F /* AppointmentDetail.swift */; };
		B2447AB823A93D92004AAD1F /* CalendarView.swift in Sources */ = {isa = PBXBuildFile; fileRef = B2447AB723A93D92004AAD1F /* CalendarView.swift */; };
		B2447ABF23A96602004AAD1F /* AppointmentRecording.swift in Sources */ = {isa = PBXBuildFile; fileRef = B2447ABE23A96602004AAD1F /* AppointmentRecording.swift */; };
		B2447AC023A96602004AAD1F /* AppointmentRecording.swift in Sources */ = {isa = PBXBuildFile; fileRef = B2447ABE23A96602004AAD1F /* AppointmentRecording.swift */; };
		B2447AC123A96602004AAD1F /* AppointmentRecording.swift in Sources */ = {isa = PBXBuildFile; fileRef = B2447ABE23A96602004AAD1F /* AppointmentRecording.swift */; };
		B26AB12123A8799C00359769 /* AppointmentEditor.swift in Sources */ = {isa = PBXBuildFile; fileRef = B26AB12023A8799C00359769 /* AppointmentEditor.swift */; };
		B26AB12223A8799C00359769 /* AppointmentEditor.swift in Sources */ = {isa = PBXBuildFile; fileRef = B26AB12023A8799C00359769 /* AppointmentEditor.swift */; };
		B26AB12323A8799C00359769 /* AppointmentEditor.swift in Sources */ = {isa = PBXBuildFile; fileRef = B26AB12023A8799C00359769 /* AppointmentEditor.swift */; };
		B271CC4323CCE7B500706E7F /* QuestionAppointmentAdder.swift in Sources */ = {isa = PBXBuildFile; fileRef = B271CC4223CCE7B500706E7F /* QuestionAppointmentAdder.swift */; };
		B271CC4423CCE7B500706E7F /* QuestionAppointmentAdder.swift in Sources */ = {isa = PBXBuildFile; fileRef = B271CC4223CCE7B500706E7F /* QuestionAppointmentAdder.swift */; };
		B271CC4523CCE7B500706E7F /* QuestionAppointmentAdder.swift in Sources */ = {isa = PBXBuildFile; fileRef = B271CC4223CCE7B500706E7F /* QuestionAppointmentAdder.swift */; };
		B271CC4723CD438000706E7F /* QuestionMarker.swift in Sources */ = {isa = PBXBuildFile; fileRef = B271CC4623CD438000706E7F /* QuestionMarker.swift */; };
		B271CC4823CD438000706E7F /* QuestionMarker.swift in Sources */ = {isa = PBXBuildFile; fileRef = B271CC4623CD438000706E7F /* QuestionMarker.swift */; };
		B271CC4923CD438000706E7F /* QuestionMarker.swift in Sources */ = {isa = PBXBuildFile; fileRef = B271CC4623CD438000706E7F /* QuestionMarker.swift */; };
		B271CC4B23CE4AC300706E7F /* QuestionList.swift in Sources */ = {isa = PBXBuildFile; fileRef = B271CC4A23CE4AC300706E7F /* QuestionList.swift */; };
		B271CC4C23CE4AC300706E7F /* QuestionList.swift in Sources */ = {isa = PBXBuildFile; fileRef = B271CC4A23CE4AC300706E7F /* QuestionList.swift */; };
		B271CC4D23CE4AC300706E7F /* QuestionList.swift in Sources */ = {isa = PBXBuildFile; fileRef = B271CC4A23CE4AC300706E7F /* QuestionList.swift */; };
		B278C37423AAF8BD00F82DD8 /* AppointmentRecordingPlay.swift in Sources */ = {isa = PBXBuildFile; fileRef = B22F973C23AABAFF0023BBC6 /* AppointmentRecordingPlay.swift */; };
		B278C37523AAF8BF00F82DD8 /* AppointmentRecordingPlay.swift in Sources */ = {isa = PBXBuildFile; fileRef = B22F973C23AABAFF0023BBC6 /* AppointmentRecordingPlay.swift */; };
		B2A9881E23CF5473003EE1D9 /* QuestionEditor.swift in Sources */ = {isa = PBXBuildFile; fileRef = B2A9881D23CF5473003EE1D9 /* QuestionEditor.swift */; };
		B2A9881F23CF5473003EE1D9 /* QuestionEditor.swift in Sources */ = {isa = PBXBuildFile; fileRef = B2A9881D23CF5473003EE1D9 /* QuestionEditor.swift */; };
		B2A9882023CF5473003EE1D9 /* QuestionEditor.swift in Sources */ = {isa = PBXBuildFile; fileRef = B2A9881D23CF5473003EE1D9 /* QuestionEditor.swift */; };
		B2A9882223CF7115003EE1D9 /* QuestionAdder.swift in Sources */ = {isa = PBXBuildFile; fileRef = B2A9882123CF7115003EE1D9 /* QuestionAdder.swift */; };
		B2A9882323CF7115003EE1D9 /* QuestionAdder.swift in Sources */ = {isa = PBXBuildFile; fileRef = B2A9882123CF7115003EE1D9 /* QuestionAdder.swift */; };
		B2A9882423CF7115003EE1D9 /* QuestionAdder.swift in Sources */ = {isa = PBXBuildFile; fileRef = B2A9882123CF7115003EE1D9 /* QuestionAdder.swift */; };
		B2D4055023AC3D9300605D6D /* CalendarView.swift in Sources */ = {isa = PBXBuildFile; fileRef = B2447AB723A93D92004AAD1F /* CalendarView.swift */; };
		B2D4055123AC3D9400605D6D /* CalendarView.swift in Sources */ = {isa = PBXBuildFile; fileRef = B2447AB723A93D92004AAD1F /* CalendarView.swift */; };
		B2D4055323AC5A1200605D6D /* AppointmentAdder.swift in Sources */ = {isa = PBXBuildFile; fileRef = B2D4055223AC5A1200605D6D /* AppointmentAdder.swift */; };
		B2D4055423AC5A1200605D6D /* AppointmentAdder.swift in Sources */ = {isa = PBXBuildFile; fileRef = B2D4055223AC5A1200605D6D /* AppointmentAdder.swift */; };
		B2D4055523AC5A1200605D6D /* AppointmentAdder.swift in Sources */ = {isa = PBXBuildFile; fileRef = B2D4055223AC5A1200605D6D /* AppointmentAdder.swift */; };
		B2E8ABD523CBF8070068D618 /* QuestionAppointmentView.swift in Sources */ = {isa = PBXBuildFile; fileRef = B2E8ABD423CBF8070068D618 /* QuestionAppointmentView.swift */; };
		B2E8ABD623CBF8070068D618 /* QuestionAppointmentView.swift in Sources */ = {isa = PBXBuildFile; fileRef = B2E8ABD423CBF8070068D618 /* QuestionAppointmentView.swift */; };
		B2E8ABD723CBF8070068D618 /* QuestionAppointmentView.swift in Sources */ = {isa = PBXBuildFile; fileRef = B2E8ABD423CBF8070068D618 /* QuestionAppointmentView.swift */; };
		B2E8ABD923CCB0E40068D618 /* Constants.swift in Sources */ = {isa = PBXBuildFile; fileRef = B2E8ABD823CCB0E30068D618 /* Constants.swift */; };
		B2E8ABDA23CCB0E40068D618 /* Constants.swift in Sources */ = {isa = PBXBuildFile; fileRef = B2E8ABD823CCB0E30068D618 /* Constants.swift */; };
		B2E8ABDB23CCB0E40068D618 /* Constants.swift in Sources */ = {isa = PBXBuildFile; fileRef = B2E8ABD823CCB0E30068D618 /* Constants.swift */; };
		B2EB449B23A99DCE0096DA95 /* RecordButton.png in Resources */ = {isa = PBXBuildFile; fileRef = B2EB449A23A99DCE0096DA95 /* RecordButton.png */; };
		B2EB449C23A99DCE0096DA95 /* RecordButton.png in Resources */ = {isa = PBXBuildFile; fileRef = B2EB449A23A99DCE0096DA95 /* RecordButton.png */; };
		B2EB449D23A99DCE0096DA95 /* RecordButton.png in Resources */ = {isa = PBXBuildFile; fileRef = B2EB449A23A99DCE0096DA95 /* RecordButton.png */; };
		B2FD547523C80DA0004B2DB1 /* Question.swift in Sources */ = {isa = PBXBuildFile; fileRef = B2FD547423C80DA0004B2DB1 /* Question.swift */; };
		B2FD547D23C81563004B2DB1 /* questionData.json in Resources */ = {isa = PBXBuildFile; fileRef = B2FD547C23C81563004B2DB1 /* questionData.json */; };
		B2FD547E23C81A79004B2DB1 /* Question.swift in Sources */ = {isa = PBXBuildFile; fileRef = B2FD547423C80DA0004B2DB1 /* Question.swift */; };
		B2FD547F23C81A7A004B2DB1 /* Question.swift in Sources */ = {isa = PBXBuildFile; fileRef = B2FD547423C80DA0004B2DB1 /* Question.swift */; };
		B2FD548223C81A80004B2DB1 /* questionData.json in Resources */ = {isa = PBXBuildFile; fileRef = B2FD547C23C81563004B2DB1 /* questionData.json */; };
		B2FD548323C81A81004B2DB1 /* questionData.json in Resources */ = {isa = PBXBuildFile; fileRef = B2FD547C23C81563004B2DB1 /* questionData.json */; };
		B2FD548423C8B1BF004B2DB1 /* QuestionPreviewList.swift in Sources */ = {isa = PBXBuildFile; fileRef = B2FD547823C814D9004B2DB1 /* QuestionPreviewList.swift */; };
		B2FD548523C8B1C0004B2DB1 /* QuestionPreviewList.swift in Sources */ = {isa = PBXBuildFile; fileRef = B2FD547823C814D9004B2DB1 /* QuestionPreviewList.swift */; };
		B2FD548623C8B1C1004B2DB1 /* QuestionPreviewList.swift in Sources */ = {isa = PBXBuildFile; fileRef = B2FD547823C814D9004B2DB1 /* QuestionPreviewList.swift */; };
		B2FD548A23C92B99004B2DB1 /* QuestionDetail.swift in Sources */ = {isa = PBXBuildFile; fileRef = B2FD548923C92B99004B2DB1 /* QuestionDetail.swift */; };
		B2FD548B23C92B9A004B2DB1 /* QuestionDetail.swift in Sources */ = {isa = PBXBuildFile; fileRef = B2FD548923C92B99004B2DB1 /* QuestionDetail.swift */; };
		B2FD548C23C92B9A004B2DB1 /* QuestionDetail.swift in Sources */ = {isa = PBXBuildFile; fileRef = B2FD548923C92B99004B2DB1 /* QuestionDetail.swift */; };
/* End PBXBuildFile section */

/* Begin PBXContainerItemProxy section */
		B2447A7D23A7F2AE004AAD1F /* PBXContainerItemProxy */ = {
			isa = PBXContainerItemProxy;
			containerPortal = B2447A5E23A7F2AB004AAD1F /* Project object */;
			proxyType = 1;
			remoteGlobalIDString = B2447A6523A7F2AB004AAD1F;
			remoteInfo = "Cancer App";
		};
		B2447A8823A7F2AE004AAD1F /* PBXContainerItemProxy */ = {
			isa = PBXContainerItemProxy;
			containerPortal = B2447A5E23A7F2AB004AAD1F /* Project object */;
			proxyType = 1;
			remoteGlobalIDString = B2447A6523A7F2AB004AAD1F;
			remoteInfo = "Cancer App";
		};
/* End PBXContainerItemProxy section */

/* Begin PBXFileReference section */
		B22F973C23AABAFF0023BBC6 /* AppointmentRecordingPlay.swift */ = {isa = PBXFileReference; lastKnownFileType = sourcecode.swift; path = AppointmentRecordingPlay.swift; sourceTree = "<group>"; };
		B239986C23C2B30100B912FF /* AppointmentList.swift */ = {isa = PBXFileReference; lastKnownFileType = sourcecode.swift; path = AppointmentList.swift; sourceTree = "<group>"; };
		B23FE11123C226360026BE03 /* CalendarMonth.swift */ = {isa = PBXFileReference; lastKnownFileType = sourcecode.swift; path = CalendarMonth.swift; sourceTree = "<group>"; };
		B23FE11523C26E200026BE03 /* CalendarDay.swift */ = {isa = PBXFileReference; lastKnownFileType = sourcecode.swift; path = CalendarDay.swift; sourceTree = "<group>"; };
		B2447A6623A7F2AB004AAD1F /* Oncology Helper.app */ = {isa = PBXFileReference; explicitFileType = wrapper.application; includeInIndex = 0; path = "Oncology Helper.app"; sourceTree = BUILT_PRODUCTS_DIR; };
		B2447A6923A7F2AB004AAD1F /* AppDelegate.swift */ = {isa = PBXFileReference; lastKnownFileType = sourcecode.swift; path = AppDelegate.swift; sourceTree = "<group>"; };
		B2447A6B23A7F2AB004AAD1F /* SceneDelegate.swift */ = {isa = PBXFileReference; lastKnownFileType = sourcecode.swift; path = SceneDelegate.swift; sourceTree = "<group>"; };
		B2447A6F23A7F2AE004AAD1F /* Assets.xcassets */ = {isa = PBXFileReference; lastKnownFileType = folder.assetcatalog; path = Assets.xcassets; sourceTree = "<group>"; };
		B2447A7223A7F2AE004AAD1F /* Preview Assets.xcassets */ = {isa = PBXFileReference; lastKnownFileType = folder.assetcatalog; path = "Preview Assets.xcassets"; sourceTree = "<group>"; };
		B2447A7523A7F2AE004AAD1F /* Base */ = {isa = PBXFileReference; lastKnownFileType = file.storyboard; name = Base; path = Base.lproj/LaunchScreen.storyboard; sourceTree = "<group>"; };
		B2447A7723A7F2AE004AAD1F /* Info.plist */ = {isa = PBXFileReference; lastKnownFileType = text.plist.xml; path = Info.plist; sourceTree = "<group>"; };
		B2447A7C23A7F2AE004AAD1F /* Oncology HelperTests.xctest */ = {isa = PBXFileReference; explicitFileType = wrapper.cfbundle; includeInIndex = 0; path = "Oncology HelperTests.xctest"; sourceTree = BUILT_PRODUCTS_DIR; };
		B2447A8023A7F2AE004AAD1F /* Oncology_HelperTests.swift */ = {isa = PBXFileReference; lastKnownFileType = sourcecode.swift; path = Oncology_HelperTests.swift; sourceTree = "<group>"; };
		B2447A8223A7F2AE004AAD1F /* Info.plist */ = {isa = PBXFileReference; lastKnownFileType = text.plist.xml; path = Info.plist; sourceTree = "<group>"; };
		B2447A8723A7F2AE004AAD1F /* Oncology HelperUITests.xctest */ = {isa = PBXFileReference; explicitFileType = wrapper.cfbundle; includeInIndex = 0; path = "Oncology HelperUITests.xctest"; sourceTree = BUILT_PRODUCTS_DIR; };
		B2447A8B23A7F2AE004AAD1F /* Oncology_HelperUITests.swift */ = {isa = PBXFileReference; lastKnownFileType = sourcecode.swift; path = Oncology_HelperUITests.swift; sourceTree = "<group>"; };
		B2447A8D23A7F2AE004AAD1F /* Info.plist */ = {isa = PBXFileReference; lastKnownFileType = text.plist.xml; path = Info.plist; sourceTree = "<group>"; };
		B2447A9923A7F35D004AAD1F /* HomePage.swift */ = {isa = PBXFileReference; lastKnownFileType = sourcecode.swift; path = HomePage.swift; sourceTree = "<group>"; };
		B2447A9D23A7F7B6004AAD1F /* UserData.swift */ = {isa = PBXFileReference; lastKnownFileType = sourcecode.swift; path = UserData.swift; sourceTree = SOURCE_ROOT; };
		B2447AA323A7F9D6004AAD1F /* appointmentData.json */ = {isa = PBXFileReference; lastKnownFileType = text.json; path = appointmentData.json; sourceTree = "<group>"; };
		B2447AA723A80534004AAD1F /* Data.swift */ = {isa = PBXFileReference; lastKnownFileType = sourcecode.swift; path = Data.swift; sourceTree = "<group>"; };
		B2447AA923A805A7004AAD1F /* Appointment.swift */ = {isa = PBXFileReference; lastKnownFileType = sourcecode.swift; path = Appointment.swift; sourceTree = "<group>"; };
		B2447AAF23A81654004AAD1F /* AppointmentRow.swift */ = {isa = PBXFileReference; lastKnownFileType = sourcecode.swift; path = AppointmentRow.swift; sourceTree = "<group>"; };
		B2447AB323A8243D004AAD1F /* AppointmentDetail.swift */ = {isa = PBXFileReference; lastKnownFileType = sourcecode.swift; path = AppointmentDetail.swift; sourceTree = "<group>"; };
		B2447AB723A93D92004AAD1F /* CalendarView.swift */ = {isa = PBXFileReference; lastKnownFileType = sourcecode.swift; path = CalendarView.swift; sourceTree = "<group>"; };
		B2447ABE23A96602004AAD1F /* AppointmentRecording.swift */ = {isa = PBXFileReference; lastKnownFileType = sourcecode.swift; path = AppointmentRecording.swift; sourceTree = "<group>"; };
		B26AB12023A8799C00359769 /* AppointmentEditor.swift */ = {isa = PBXFileReference; lastKnownFileType = sourcecode.swift; path = AppointmentEditor.swift; sourceTree = "<group>"; };
		B271CC4223CCE7B500706E7F /* QuestionAppointmentAdder.swift */ = {isa = PBXFileReference; lastKnownFileType = sourcecode.swift; path = QuestionAppointmentAdder.swift; sourceTree = "<group>"; };
		B271CC4623CD438000706E7F /* QuestionMarker.swift */ = {isa = PBXFileReference; lastKnownFileType = sourcecode.swift; path = QuestionMarker.swift; sourceTree = "<group>"; };
		B271CC4A23CE4AC300706E7F /* QuestionList.swift */ = {isa = PBXFileReference; lastKnownFileType = sourcecode.swift; path = QuestionList.swift; sourceTree = "<group>"; };
		B2A9881D23CF5473003EE1D9 /* QuestionEditor.swift */ = {isa = PBXFileReference; lastKnownFileType = sourcecode.swift; path = QuestionEditor.swift; sourceTree = "<group>"; };
		B2A9882123CF7115003EE1D9 /* QuestionAdder.swift */ = {isa = PBXFileReference; lastKnownFileType = sourcecode.swift; path = QuestionAdder.swift; sourceTree = "<group>"; };
		B2D4055223AC5A1200605D6D /* AppointmentAdder.swift */ = {isa = PBXFileReference; lastKnownFileType = sourcecode.swift; path = AppointmentAdder.swift; sourceTree = "<group>"; };
		B2E8ABD423CBF8070068D618 /* QuestionAppointmentView.swift */ = {isa = PBXFileReference; lastKnownFileType = sourcecode.swift; path = QuestionAppointmentView.swift; sourceTree = "<group>"; };
		B2E8ABD823CCB0E30068D618 /* Constants.swift */ = {isa = PBXFileReference; lastKnownFileType = sourcecode.swift; path = Constants.swift; sourceTree = "<group>"; };
		B2EB449A23A99DCE0096DA95 /* RecordButton.png */ = {isa = PBXFileReference; lastKnownFileType = image.png; path = RecordButton.png; sourceTree = "<group>"; };
		B2FD547423C80DA0004B2DB1 /* Question.swift */ = {isa = PBXFileReference; lastKnownFileType = sourcecode.swift; path = Question.swift; sourceTree = "<group>"; };
		B2FD547823C814D9004B2DB1 /* QuestionPreviewList.swift */ = {isa = PBXFileReference; lastKnownFileType = sourcecode.swift; path = QuestionPreviewList.swift; sourceTree = "<group>"; };
		B2FD547C23C81563004B2DB1 /* questionData.json */ = {isa = PBXFileReference; lastKnownFileType = text.json; path = questionData.json; sourceTree = "<group>"; };
		B2FD548923C92B99004B2DB1 /* QuestionDetail.swift */ = {isa = PBXFileReference; lastKnownFileType = sourcecode.swift; path = QuestionDetail.swift; sourceTree = "<group>"; };
/* End PBXFileReference section */

/* Begin PBXFrameworksBuildPhase section */
		B2447A6323A7F2AB004AAD1F /* Frameworks */ = {
			isa = PBXFrameworksBuildPhase;
			buildActionMask = 2147483647;
			files = (
			);
			runOnlyForDeploymentPostprocessing = 0;
		};
		B2447A7923A7F2AE004AAD1F /* Frameworks */ = {
			isa = PBXFrameworksBuildPhase;
			buildActionMask = 2147483647;
			files = (
			);
			runOnlyForDeploymentPostprocessing = 0;
		};
		B2447A8423A7F2AE004AAD1F /* Frameworks */ = {
			isa = PBXFrameworksBuildPhase;
			buildActionMask = 2147483647;
			files = (
			);
			runOnlyForDeploymentPostprocessing = 0;
		};
/* End PBXFrameworksBuildPhase section */

/* Begin PBXGroup section */
		B239987023C2B31B00B912FF /* Recordings */ = {
			isa = PBXGroup;
			children = (
				B2447ABE23A96602004AAD1F /* AppointmentRecording.swift */,
				B22F973C23AABAFF0023BBC6 /* AppointmentRecordingPlay.swift */,
			);
			path = Recordings;
			sourceTree = "<group>";
		};
		B2447A5D23A7F2AB004AAD1F = {
			isa = PBXGroup;
			children = (
				B2447A6823A7F2AB004AAD1F /* Oncology Helper */,
				B2447A7F23A7F2AE004AAD1F /* Oncology HelperTests */,
				B2447A8A23A7F2AE004AAD1F /* Oncology HelperUITests */,
				B2447A6723A7F2AB004AAD1F /* Products */,
			);
			sourceTree = "<group>";
		};
		B2447A6723A7F2AB004AAD1F /* Products */ = {
			isa = PBXGroup;
			children = (
				B2447A6623A7F2AB004AAD1F /* Oncology Helper.app */,
				B2447A7C23A7F2AE004AAD1F /* Oncology HelperTests.xctest */,
				B2447A8723A7F2AE004AAD1F /* Oncology HelperUITests.xctest */,
			);
			name = Products;
			sourceTree = "<group>";
		};
		B2447A6823A7F2AB004AAD1F /* Oncology Helper */ = {
			isa = PBXGroup;
			children = (
				B2447A9D23A7F7B6004AAD1F /* UserData.swift */,
				B2447A9923A7F35D004AAD1F /* HomePage.swift */,
				B2E8ABD823CCB0E30068D618 /* Constants.swift */,
				B2B132D123C2C93100F4AD9D /* Calendar */,
				B2447AB923A93D9F004AAD1F /* Appointments */,
				B2FD547323C80D7A004B2DB1 /* Questions */,
				B2447A6923A7F2AB004AAD1F /* AppDelegate.swift */,
				B2447AA723A80534004AAD1F /* Data.swift */,
				B2447A6B23A7F2AB004AAD1F /* SceneDelegate.swift */,
				B2447A6F23A7F2AE004AAD1F /* Assets.xcassets */,
				B2447A7423A7F2AE004AAD1F /* LaunchScreen.storyboard */,
				B2447A7723A7F2AE004AAD1F /* Info.plist */,
				B2447AC223A9743D004AAD1F /* Resources */,
				B2447A7123A7F2AE004AAD1F /* Preview Content */,
			);
			path = "Oncology Helper";
			sourceTree = "<group>";
		};
		B2447A7123A7F2AE004AAD1F /* Preview Content */ = {
			isa = PBXGroup;
			children = (
				B2447A7223A7F2AE004AAD1F /* Preview Assets.xcassets */,
			);
			path = "Preview Content";
			sourceTree = "<group>";
		};
		B2447A7F23A7F2AE004AAD1F /* Oncology HelperTests */ = {
			isa = PBXGroup;
			children = (
				B2447A8023A7F2AE004AAD1F /* Oncology_HelperTests.swift */,
				B2447A8223A7F2AE004AAD1F /* Info.plist */,
			);
			path = "Oncology HelperTests";
			sourceTree = "<group>";
		};
		B2447A8A23A7F2AE004AAD1F /* Oncology HelperUITests */ = {
			isa = PBXGroup;
			children = (
				B2447A8B23A7F2AE004AAD1F /* Oncology_HelperUITests.swift */,
				B2447A8D23A7F2AE004AAD1F /* Info.plist */,
			);
			path = "Oncology HelperUITests";
			sourceTree = "<group>";
		};
		B2447AB923A93D9F004AAD1F /* Appointments */ = {
			isa = PBXGroup;
			children = (
				B239987023C2B31B00B912FF /* Recordings */,
				B2447AA923A805A7004AAD1F /* Appointment.swift */,
				B239986C23C2B30100B912FF /* AppointmentList.swift */,
				B2447AAF23A81654004AAD1F /* AppointmentRow.swift */,
				B2447AB323A8243D004AAD1F /* AppointmentDetail.swift */,
				B26AB12023A8799C00359769 /* AppointmentEditor.swift */,
				B2D4055223AC5A1200605D6D /* AppointmentAdder.swift */,
			);
			path = Appointments;
			sourceTree = "<group>";
		};
		B2447AC223A9743D004AAD1F /* Resources */ = {
			isa = PBXGroup;
			children = (
				B2EB449A23A99DCE0096DA95 /* RecordButton.png */,
				B2447AA323A7F9D6004AAD1F /* appointmentData.json */,
				B2FD547C23C81563004B2DB1 /* questionData.json */,
			);
			path = Resources;
			sourceTree = "<group>";
		};
		B2B132D123C2C93100F4AD9D /* Calendar */ = {
			isa = PBXGroup;
			children = (
				B2447AB723A93D92004AAD1F /* CalendarView.swift */,
				B23FE11123C226360026BE03 /* CalendarMonth.swift */,
				B23FE11523C26E200026BE03 /* CalendarDay.swift */,
			);
			path = Calendar;
			sourceTree = "<group>";
		};
		B2FD547323C80D7A004B2DB1 /* Questions */ = {
			isa = PBXGroup;
			children = (
				B2FD547423C80DA0004B2DB1 /* Question.swift */,
				B2FD547823C814D9004B2DB1 /* QuestionPreviewList.swift */,
				B271CC4A23CE4AC300706E7F /* QuestionList.swift */,
				B2FD548923C92B99004B2DB1 /* QuestionDetail.swift */,
				B271CC4623CD438000706E7F /* QuestionMarker.swift */,
				B2A9881D23CF5473003EE1D9 /* QuestionEditor.swift */,
				B2A9882123CF7115003EE1D9 /* QuestionAdder.swift */,
				B2E8ABD423CBF8070068D618 /* QuestionAppointmentView.swift */,
				B271CC4223CCE7B500706E7F /* QuestionAppointmentAdder.swift */,
			);
			path = Questions;
			sourceTree = "<group>";
		};
/* End PBXGroup section */

/* Begin PBXNativeTarget section */
		B2447A6523A7F2AB004AAD1F /* Oncology Helper */ = {
			isa = PBXNativeTarget;
			buildConfigurationList = B2447A9023A7F2AE004AAD1F /* Build configuration list for PBXNativeTarget "Oncology Helper" */;
			buildPhases = (
				B2447A6223A7F2AB004AAD1F /* Sources */,
				B2447A6323A7F2AB004AAD1F /* Frameworks */,
				B2447A6423A7F2AB004AAD1F /* Resources */,
			);
			buildRules = (
			);
			dependencies = (
			);
			name = "Oncology Helper";
			productName = "Cancer App";
			productReference = B2447A6623A7F2AB004AAD1F /* Oncology Helper.app */;
			productType = "com.apple.product-type.application";
		};
		B2447A7B23A7F2AE004AAD1F /* Oncology HelperTests */ = {
			isa = PBXNativeTarget;
			buildConfigurationList = B2447A9323A7F2AE004AAD1F /* Build configuration list for PBXNativeTarget "Oncology HelperTests" */;
			buildPhases = (
				B2447A7823A7F2AE004AAD1F /* Sources */,
				B2447A7923A7F2AE004AAD1F /* Frameworks */,
				B2447A7A23A7F2AE004AAD1F /* Resources */,
			);
			buildRules = (
			);
			dependencies = (
				B2447A7E23A7F2AE004AAD1F /* PBXTargetDependency */,
			);
			name = "Oncology HelperTests";
			productName = "Cancer AppTests";
			productReference = B2447A7C23A7F2AE004AAD1F /* Oncology HelperTests.xctest */;
			productType = "com.apple.product-type.bundle.unit-test";
		};
		B2447A8623A7F2AE004AAD1F /* Oncology HelperUITests */ = {
			isa = PBXNativeTarget;
			buildConfigurationList = B2447A9623A7F2AE004AAD1F /* Build configuration list for PBXNativeTarget "Oncology HelperUITests" */;
			buildPhases = (
				B2447A8323A7F2AE004AAD1F /* Sources */,
				B2447A8423A7F2AE004AAD1F /* Frameworks */,
				B2447A8523A7F2AE004AAD1F /* Resources */,
			);
			buildRules = (
			);
			dependencies = (
				B2447A8923A7F2AE004AAD1F /* PBXTargetDependency */,
			);
			name = "Oncology HelperUITests";
			productName = "Cancer AppUITests";
			productReference = B2447A8723A7F2AE004AAD1F /* Oncology HelperUITests.xctest */;
			productType = "com.apple.product-type.bundle.ui-testing";
		};
/* End PBXNativeTarget section */

/* Begin PBXProject section */
		B2447A5E23A7F2AB004AAD1F /* Project object */ = {
			isa = PBXProject;
			attributes = {
				LastSwiftUpdateCheck = 1120;
				LastUpgradeCheck = 1120;
				ORGANIZATIONNAME = "Matt Kersey";
				TargetAttributes = {
					B2447A6523A7F2AB004AAD1F = {
						CreatedOnToolsVersion = 11.2;
					};
					B2447A7B23A7F2AE004AAD1F = {
						CreatedOnToolsVersion = 11.2;
						TestTargetID = B2447A6523A7F2AB004AAD1F;
					};
					B2447A8623A7F2AE004AAD1F = {
						CreatedOnToolsVersion = 11.2;
						TestTargetID = B2447A6523A7F2AB004AAD1F;
					};
				};
			};
			buildConfigurationList = B2447A6123A7F2AB004AAD1F /* Build configuration list for PBXProject "Oncology Helper" */;
			compatibilityVersion = "Xcode 9.3";
			developmentRegion = en;
			hasScannedForEncodings = 0;
			knownRegions = (
				en,
				Base,
			);
			mainGroup = B2447A5D23A7F2AB004AAD1F;
			productRefGroup = B2447A6723A7F2AB004AAD1F /* Products */;
			projectDirPath = "";
			projectRoot = "";
			targets = (
				B2447A6523A7F2AB004AAD1F /* Oncology Helper */,
				B2447A7B23A7F2AE004AAD1F /* Oncology HelperTests */,
				B2447A8623A7F2AE004AAD1F /* Oncology HelperUITests */,
			);
		};
/* End PBXProject section */

/* Begin PBXResourcesBuildPhase section */
		B2447A6423A7F2AB004AAD1F /* Resources */ = {
			isa = PBXResourcesBuildPhase;
			buildActionMask = 2147483647;
			files = (
				B2447A7623A7F2AE004AAD1F /* LaunchScreen.storyboard in Resources */,
				B2447AA423A7F9D6004AAD1F /* appointmentData.json in Resources */,
				B2EB449B23A99DCE0096DA95 /* RecordButton.png in Resources */,
				B2FD547D23C81563004B2DB1 /* questionData.json in Resources */,
				B2447A7323A7F2AE004AAD1F /* Preview Assets.xcassets in Resources */,
				B2447A7023A7F2AE004AAD1F /* Assets.xcassets in Resources */,
			);
			runOnlyForDeploymentPostprocessing = 0;
		};
		B2447A7A23A7F2AE004AAD1F /* Resources */ = {
			isa = PBXResourcesBuildPhase;
			buildActionMask = 2147483647;
			files = (
				B2FD548223C81A80004B2DB1 /* questionData.json in Resources */,
				B2EB449C23A99DCE0096DA95 /* RecordButton.png in Resources */,
				B2447AA523A7FA4E004AAD1F /* appointmentData.json in Resources */,
			);
			runOnlyForDeploymentPostprocessing = 0;
		};
		B2447A8523A7F2AE004AAD1F /* Resources */ = {
			isa = PBXResourcesBuildPhase;
			buildActionMask = 2147483647;
			files = (
				B2FD548323C81A81004B2DB1 /* questionData.json in Resources */,
				B2EB449D23A99DCE0096DA95 /* RecordButton.png in Resources */,
				B2447AA623A7FA50004AAD1F /* appointmentData.json in Resources */,
			);
			runOnlyForDeploymentPostprocessing = 0;
		};
/* End PBXResourcesBuildPhase section */

/* Begin PBXSourcesBuildPhase section */
		B2447A6223A7F2AB004AAD1F /* Sources */ = {
			isa = PBXSourcesBuildPhase;
			buildActionMask = 2147483647;
			files = (
				B2A9882223CF7115003EE1D9 /* QuestionAdder.swift in Sources */,
				B2447AB823A93D92004AAD1F /* CalendarView.swift in Sources */,
				B2447A6A23A7F2AB004AAD1F /* AppDelegate.swift in Sources */,
				B2E8ABD523CBF8070068D618 /* QuestionAppointmentView.swift in Sources */,
				B2FD547523C80DA0004B2DB1 /* Question.swift in Sources */,
				B2447AA823A80534004AAD1F /* Data.swift in Sources */,
				B23FE11623C26E200026BE03 /* CalendarDay.swift in Sources */,
				B2A9881E23CF5473003EE1D9 /* QuestionEditor.swift in Sources */,
				B2D4055323AC5A1200605D6D /* AppointmentAdder.swift in Sources */,
				B23FE11223C226360026BE03 /* CalendarMonth.swift in Sources */,
				B271CC4323CCE7B500706E7F /* QuestionAppointmentAdder.swift in Sources */,
				B271CC4B23CE4AC300706E7F /* QuestionList.swift in Sources */,
				B2447A6C23A7F2AB004AAD1F /* SceneDelegate.swift in Sources */,
				B2447AB423A8243D004AAD1F /* AppointmentDetail.swift in Sources */,
				B26AB12123A8799C00359769 /* AppointmentEditor.swift in Sources */,
				B2E8ABD923CCB0E40068D618 /* Constants.swift in Sources */,
				B271CC4723CD438000706E7F /* QuestionMarker.swift in Sources */,
				B239986D23C2B30100B912FF /* AppointmentList.swift in Sources */,
				B2447A9A23A7F35D004AAD1F /* HomePage.swift in Sources */,
				B2447AAA23A805A7004AAD1F /* Appointment.swift in Sources */,
				B2FD548A23C92B99004B2DB1 /* QuestionDetail.swift in Sources */,
				B2447AB023A81654004AAD1F /* AppointmentRow.swift in Sources */,
				B2447ABF23A96602004AAD1F /* AppointmentRecording.swift in Sources */,
				B2447A9E23A7F7B6004AAD1F /* UserData.swift in Sources */,
				B2FD548423C8B1BF004B2DB1 /* QuestionPreviewList.swift in Sources */,
				B22F973D23AABAFF0023BBC6 /* AppointmentRecordingPlay.swift in Sources */,
			);
			runOnlyForDeploymentPostprocessing = 0;
		};
		B2447A7823A7F2AE004AAD1F /* Sources */ = {
			isa = PBXSourcesBuildPhase;
			buildActionMask = 2147483647;
			files = (
				B26AB12223A8799C00359769 /* AppointmentEditor.swift in Sources */,
				B2D4055023AC3D9300605D6D /* CalendarView.swift in Sources */,
				B2FD547E23C81A79004B2DB1 /* Question.swift in Sources */,
				B271CC4823CD438000706E7F /* QuestionMarker.swift in Sources */,
				B2FD548523C8B1C0004B2DB1 /* QuestionPreviewList.swift in Sources */,
				B271CC4423CCE7B500706E7F /* QuestionAppointmentAdder.swift in Sources */,
				B2447A8123A7F2AE004AAD1F /* Oncology_HelperTests.swift in Sources */,
				B23FE11323C226360026BE03 /* CalendarMonth.swift in Sources */,
				B2447AC023A96602004AAD1F /* AppointmentRecording.swift in Sources */,
				B2FD548B23C92B9A004B2DB1 /* QuestionDetail.swift in Sources */,
				B2447A9F23A7F7EC004AAD1F /* HomePage.swift in Sources */,
				B2D4055423AC5A1200605D6D /* AppointmentAdder.swift in Sources */,
				B23FE11723C26E200026BE03 /* CalendarDay.swift in Sources */,
				B2447AB523A82484004AAD1F /* AppointmentDetail.swift in Sources */,
				B2A9882323CF7115003EE1D9 /* QuestionAdder.swift in Sources */,
				B2A9881F23CF5473003EE1D9 /* QuestionEditor.swift in Sources */,
				B278C37423AAF8BD00F82DD8 /* AppointmentRecordingPlay.swift in Sources */,
				B2E8ABD623CBF8070068D618 /* QuestionAppointmentView.swift in Sources */,
				B271CC4C23CE4AC300706E7F /* QuestionList.swift in Sources */,
				B239986E23C2B30100B912FF /* AppointmentList.swift in Sources */,
				B2E8ABDA23CCB0E40068D618 /* Constants.swift in Sources */,
				B2447AB223A816D5004AAD1F /* AppointmentRow.swift in Sources */,
				B2447AA123A7F7F0004AAD1F /* UserData.swift in Sources */,
				B2447AAB23A80893004AAD1F /* Data.swift in Sources */,
				B2447AAD23A80A87004AAD1F /* Appointment.swift in Sources */,
			);
			runOnlyForDeploymentPostprocessing = 0;
		};
		B2447A8323A7F2AE004AAD1F /* Sources */ = {
			isa = PBXSourcesBuildPhase;
			buildActionMask = 2147483647;
			files = (
				B26AB12323A8799C00359769 /* AppointmentEditor.swift in Sources */,
				B2D4055123AC3D9400605D6D /* CalendarView.swift in Sources */,
				B2FD547F23C81A7A004B2DB1 /* Question.swift in Sources */,
				B271CC4923CD438000706E7F /* QuestionMarker.swift in Sources */,
				B2FD548623C8B1C1004B2DB1 /* QuestionPreviewList.swift in Sources */,
				B271CC4523CCE7B500706E7F /* QuestionAppointmentAdder.swift in Sources */,
				B2447A8C23A7F2AE004AAD1F /* Oncology_HelperUITests.swift in Sources */,
				B23FE11423C226360026BE03 /* CalendarMonth.swift in Sources */,
				B2447AC123A96602004AAD1F /* AppointmentRecording.swift in Sources */,
				B2FD548C23C92B9A004B2DB1 /* QuestionDetail.swift in Sources */,
				B2447AA023A7F7EC004AAD1F /* HomePage.swift in Sources */,
				B2D4055523AC5A1200605D6D /* AppointmentAdder.swift in Sources */,
				B23FE11823C26E200026BE03 /* CalendarDay.swift in Sources */,
				B2447AB623A82485004AAD1F /* AppointmentDetail.swift in Sources */,
				B2A9882423CF7115003EE1D9 /* QuestionAdder.swift in Sources */,
				B2A9882023CF5473003EE1D9 /* QuestionEditor.swift in Sources */,
				B278C37523AAF8BF00F82DD8 /* AppointmentRecordingPlay.swift in Sources */,
				B2E8ABD723CBF8070068D618 /* QuestionAppointmentView.swift in Sources */,
				B271CC4D23CE4AC300706E7F /* QuestionList.swift in Sources */,
				B239986F23C2B30100B912FF /* AppointmentList.swift in Sources */,
				B2E8ABDB23CCB0E40068D618 /* Constants.swift in Sources */,
				B2447AB123A816D4004AAD1F /* AppointmentRow.swift in Sources */,
				B2447AA223A7F7F1004AAD1F /* UserData.swift in Sources */,
				B2447AAC23A80894004AAD1F /* Data.swift in Sources */,
				B2447AAE23A80A88004AAD1F /* Appointment.swift in Sources */,
			);
			runOnlyForDeploymentPostprocessing = 0;
		};
/* End PBXSourcesBuildPhase section */

/* Begin PBXTargetDependency section */
		B2447A7E23A7F2AE004AAD1F /* PBXTargetDependency */ = {
			isa = PBXTargetDependency;
			target = B2447A6523A7F2AB004AAD1F /* Oncology Helper */;
			targetProxy = B2447A7D23A7F2AE004AAD1F /* PBXContainerItemProxy */;
		};
		B2447A8923A7F2AE004AAD1F /* PBXTargetDependency */ = {
			isa = PBXTargetDependency;
			target = B2447A6523A7F2AB004AAD1F /* Oncology Helper */;
			targetProxy = B2447A8823A7F2AE004AAD1F /* PBXContainerItemProxy */;
		};
/* End PBXTargetDependency section */

/* Begin PBXVariantGroup section */
		B2447A7423A7F2AE004AAD1F /* LaunchScreen.storyboard */ = {
			isa = PBXVariantGroup;
			children = (
				B2447A7523A7F2AE004AAD1F /* Base */,
			);
			name = LaunchScreen.storyboard;
			sourceTree = "<group>";
		};
/* End PBXVariantGroup section */

/* Begin XCBuildConfiguration section */
		B2447A8E23A7F2AE004AAD1F /* Debug */ = {
			isa = XCBuildConfiguration;
			buildSettings = {
				ALWAYS_SEARCH_USER_PATHS = NO;
				CLANG_ANALYZER_NONNULL = YES;
				CLANG_ANALYZER_NUMBER_OBJECT_CONVERSION = YES_AGGRESSIVE;
				CLANG_CXX_LANGUAGE_STANDARD = "gnu++14";
				CLANG_CXX_LIBRARY = "libc++";
				CLANG_ENABLE_MODULES = YES;
				CLANG_ENABLE_OBJC_ARC = YES;
				CLANG_ENABLE_OBJC_WEAK = YES;
				CLANG_WARN_BLOCK_CAPTURE_AUTORELEASING = YES;
				CLANG_WARN_BOOL_CONVERSION = YES;
				CLANG_WARN_COMMA = YES;
				CLANG_WARN_CONSTANT_CONVERSION = YES;
				CLANG_WARN_DEPRECATED_OBJC_IMPLEMENTATIONS = YES;
				CLANG_WARN_DIRECT_OBJC_ISA_USAGE = YES_ERROR;
				CLANG_WARN_DOCUMENTATION_COMMENTS = YES;
				CLANG_WARN_EMPTY_BODY = YES;
				CLANG_WARN_ENUM_CONVERSION = YES;
				CLANG_WARN_INFINITE_RECURSION = YES;
				CLANG_WARN_INT_CONVERSION = YES;
				CLANG_WARN_NON_LITERAL_NULL_CONVERSION = YES;
				CLANG_WARN_OBJC_IMPLICIT_RETAIN_SELF = YES;
				CLANG_WARN_OBJC_LITERAL_CONVERSION = YES;
				CLANG_WARN_OBJC_ROOT_CLASS = YES_ERROR;
				CLANG_WARN_RANGE_LOOP_ANALYSIS = YES;
				CLANG_WARN_STRICT_PROTOTYPES = YES;
				CLANG_WARN_SUSPICIOUS_MOVE = YES;
				CLANG_WARN_UNGUARDED_AVAILABILITY = YES_AGGRESSIVE;
				CLANG_WARN_UNREACHABLE_CODE = YES;
				CLANG_WARN__DUPLICATE_METHOD_MATCH = YES;
				COPY_PHASE_STRIP = NO;
				DEBUG_INFORMATION_FORMAT = dwarf;
				ENABLE_STRICT_OBJC_MSGSEND = YES;
				ENABLE_TESTABILITY = YES;
				GCC_C_LANGUAGE_STANDARD = gnu11;
				GCC_DYNAMIC_NO_PIC = NO;
				GCC_NO_COMMON_BLOCKS = YES;
				GCC_OPTIMIZATION_LEVEL = 0;
				GCC_PREPROCESSOR_DEFINITIONS = (
					"DEBUG=1",
					"$(inherited)",
				);
				GCC_WARN_64_TO_32_BIT_CONVERSION = YES;
				GCC_WARN_ABOUT_RETURN_TYPE = YES_ERROR;
				GCC_WARN_UNDECLARED_SELECTOR = YES;
				GCC_WARN_UNINITIALIZED_AUTOS = YES_AGGRESSIVE;
				GCC_WARN_UNUSED_FUNCTION = YES;
				GCC_WARN_UNUSED_VARIABLE = YES;
				IPHONEOS_DEPLOYMENT_TARGET = 13.2;
				MTL_ENABLE_DEBUG_INFO = INCLUDE_SOURCE;
				MTL_FAST_MATH = YES;
				ONLY_ACTIVE_ARCH = YES;
				SDKROOT = iphoneos;
				SWIFT_ACTIVE_COMPILATION_CONDITIONS = DEBUG;
				SWIFT_OPTIMIZATION_LEVEL = "-Onone";
			};
			name = Debug;
		};
		B2447A8F23A7F2AE004AAD1F /* Release */ = {
			isa = XCBuildConfiguration;
			buildSettings = {
				ALWAYS_SEARCH_USER_PATHS = NO;
				CLANG_ANALYZER_NONNULL = YES;
				CLANG_ANALYZER_NUMBER_OBJECT_CONVERSION = YES_AGGRESSIVE;
				CLANG_CXX_LANGUAGE_STANDARD = "gnu++14";
				CLANG_CXX_LIBRARY = "libc++";
				CLANG_ENABLE_MODULES = YES;
				CLANG_ENABLE_OBJC_ARC = YES;
				CLANG_ENABLE_OBJC_WEAK = YES;
				CLANG_WARN_BLOCK_CAPTURE_AUTORELEASING = YES;
				CLANG_WARN_BOOL_CONVERSION = YES;
				CLANG_WARN_COMMA = YES;
				CLANG_WARN_CONSTANT_CONVERSION = YES;
				CLANG_WARN_DEPRECATED_OBJC_IMPLEMENTATIONS = YES;
				CLANG_WARN_DIRECT_OBJC_ISA_USAGE = YES_ERROR;
				CLANG_WARN_DOCUMENTATION_COMMENTS = YES;
				CLANG_WARN_EMPTY_BODY = YES;
				CLANG_WARN_ENUM_CONVERSION = YES;
				CLANG_WARN_INFINITE_RECURSION = YES;
				CLANG_WARN_INT_CONVERSION = YES;
				CLANG_WARN_NON_LITERAL_NULL_CONVERSION = YES;
				CLANG_WARN_OBJC_IMPLICIT_RETAIN_SELF = YES;
				CLANG_WARN_OBJC_LITERAL_CONVERSION = YES;
				CLANG_WARN_OBJC_ROOT_CLASS = YES_ERROR;
				CLANG_WARN_RANGE_LOOP_ANALYSIS = YES;
				CLANG_WARN_STRICT_PROTOTYPES = YES;
				CLANG_WARN_SUSPICIOUS_MOVE = YES;
				CLANG_WARN_UNGUARDED_AVAILABILITY = YES_AGGRESSIVE;
				CLANG_WARN_UNREACHABLE_CODE = YES;
				CLANG_WARN__DUPLICATE_METHOD_MATCH = YES;
				COPY_PHASE_STRIP = NO;
				DEBUG_INFORMATION_FORMAT = "dwarf-with-dsym";
				ENABLE_NS_ASSERTIONS = NO;
				ENABLE_STRICT_OBJC_MSGSEND = YES;
				GCC_C_LANGUAGE_STANDARD = gnu11;
				GCC_NO_COMMON_BLOCKS = YES;
				GCC_WARN_64_TO_32_BIT_CONVERSION = YES;
				GCC_WARN_ABOUT_RETURN_TYPE = YES_ERROR;
				GCC_WARN_UNDECLARED_SELECTOR = YES;
				GCC_WARN_UNINITIALIZED_AUTOS = YES_AGGRESSIVE;
				GCC_WARN_UNUSED_FUNCTION = YES;
				GCC_WARN_UNUSED_VARIABLE = YES;
				IPHONEOS_DEPLOYMENT_TARGET = 13.2;
				MTL_ENABLE_DEBUG_INFO = NO;
				MTL_FAST_MATH = YES;
				SDKROOT = iphoneos;
				SWIFT_COMPILATION_MODE = wholemodule;
				SWIFT_OPTIMIZATION_LEVEL = "-O";
				VALIDATE_PRODUCT = YES;
			};
			name = Release;
		};
		B2447A9123A7F2AE004AAD1F /* Debug */ = {
			isa = XCBuildConfiguration;
			buildSettings = {
				ASSETCATALOG_COMPILER_APPICON_NAME = AppIcon;
				CODE_SIGN_STYLE = Automatic;
				DEVELOPMENT_ASSET_PATHS = "\"Oncology Helper/Preview Content\"";
				DEVELOPMENT_TEAM = DA83PZ28FL;
				ENABLE_PREVIEWS = YES;
				INFOPLIST_FILE = "Oncology Helper/Info.plist";
				LD_RUNPATH_SEARCH_PATHS = (
					"$(inherited)",
					"@executable_path/Frameworks",
				);
				PRODUCT_BUNDLE_IDENTIFIER = "com.mkersey95.iOS.Oncology-Helper";
				PRODUCT_NAME = "$(TARGET_NAME)";
				SWIFT_VERSION = 5.0;
				TARGETED_DEVICE_FAMILY = "1,2";
			};
			name = Debug;
		};
		B2447A9223A7F2AE004AAD1F /* Release */ = {
			isa = XCBuildConfiguration;
			buildSettings = {
				ASSETCATALOG_COMPILER_APPICON_NAME = AppIcon;
				CODE_SIGN_STYLE = Automatic;
				DEVELOPMENT_ASSET_PATHS = "\"Oncology Helper/Preview Content\"";
				DEVELOPMENT_TEAM = DA83PZ28FL;
				ENABLE_PREVIEWS = YES;
				INFOPLIST_FILE = "Oncology Helper/Info.plist";
				LD_RUNPATH_SEARCH_PATHS = (
					"$(inherited)",
					"@executable_path/Frameworks",
				);
				PRODUCT_BUNDLE_IDENTIFIER = "com.mkersey95.iOS.Oncology-Helper";
				PRODUCT_NAME = "$(TARGET_NAME)";
				SWIFT_VERSION = 5.0;
				TARGETED_DEVICE_FAMILY = "1,2";
			};
			name = Release;
		};
		B2447A9423A7F2AE004AAD1F /* Debug */ = {
			isa = XCBuildConfiguration;
			buildSettings = {
				ALWAYS_EMBED_SWIFT_STANDARD_LIBRARIES = YES;
				BUNDLE_LOADER = "$(TEST_HOST)";
				CODE_SIGN_STYLE = Automatic;
				DEVELOPMENT_TEAM = DA83PZ28FL;
				INFOPLIST_FILE = "Oncology HelperTests/Info.plist";
				IPHONEOS_DEPLOYMENT_TARGET = 13.2;
				LD_RUNPATH_SEARCH_PATHS = (
					"$(inherited)",
					"@executable_path/Frameworks",
					"@loader_path/Frameworks",
				);
				PRODUCT_BUNDLE_IDENTIFIER = "com.mkersey95.iOS.Oncology-HelperTests";
				PRODUCT_NAME = "$(TARGET_NAME)";
				SWIFT_VERSION = 5.0;
				TARGETED_DEVICE_FAMILY = "1,2";
				TEST_HOST = "$(BUILT_PRODUCTS_DIR)/Oncology Helper.app/Oncology Helper";
			};
			name = Debug;
		};
		B2447A9523A7F2AE004AAD1F /* Release */ = {
			isa = XCBuildConfiguration;
			buildSettings = {
				ALWAYS_EMBED_SWIFT_STANDARD_LIBRARIES = YES;
				BUNDLE_LOADER = "$(TEST_HOST)";
				CODE_SIGN_STYLE = Automatic;
				DEVELOPMENT_TEAM = DA83PZ28FL;
				INFOPLIST_FILE = "Oncology HelperTests/Info.plist";
				IPHONEOS_DEPLOYMENT_TARGET = 13.2;
				LD_RUNPATH_SEARCH_PATHS = (
					"$(inherited)",
					"@executable_path/Frameworks",
					"@loader_path/Frameworks",
				);
				PRODUCT_BUNDLE_IDENTIFIER = "com.mkersey95.iOS.Oncology-HelperTests";
				PRODUCT_NAME = "$(TARGET_NAME)";
				SWIFT_VERSION = 5.0;
				TARGETED_DEVICE_FAMILY = "1,2";
				TEST_HOST = "$(BUILT_PRODUCTS_DIR)/Oncology Helper.app/Oncology Helper";
			};
			name = Release;
		};
		B2447A9723A7F2AE004AAD1F /* Debug */ = {
			isa = XCBuildConfiguration;
			buildSettings = {
				ALWAYS_EMBED_SWIFT_STANDARD_LIBRARIES = YES;
				CODE_SIGN_STYLE = Automatic;
				DEVELOPMENT_TEAM = DA83PZ28FL;
				INFOPLIST_FILE = "Oncology HelperUITests/Info.plist";
				LD_RUNPATH_SEARCH_PATHS = (
					"$(inherited)",
					"@executable_path/Frameworks",
					"@loader_path/Frameworks",
				);
				PRODUCT_BUNDLE_IDENTIFIER = "com.mkersey95.iOS.Oncology-HelperUITests";
				PRODUCT_NAME = "$(TARGET_NAME)";
				SWIFT_VERSION = 5.0;
				TARGETED_DEVICE_FAMILY = "1,2";
				TEST_TARGET_NAME = "Oncology Helper";
			};
			name = Debug;
		};
		B2447A9823A7F2AE004AAD1F /* Release */ = {
			isa = XCBuildConfiguration;
			buildSettings = {
				ALWAYS_EMBED_SWIFT_STANDARD_LIBRARIES = YES;
				CODE_SIGN_STYLE = Automatic;
				DEVELOPMENT_TEAM = DA83PZ28FL;
				INFOPLIST_FILE = "Oncology HelperUITests/Info.plist";
				LD_RUNPATH_SEARCH_PATHS = (
					"$(inherited)",
					"@executable_path/Frameworks",
					"@loader_path/Frameworks",
				);
				PRODUCT_BUNDLE_IDENTIFIER = "com.mkersey95.iOS.Oncology-HelperUITests";
				PRODUCT_NAME = "$(TARGET_NAME)";
				SWIFT_VERSION = 5.0;
				TARGETED_DEVICE_FAMILY = "1,2";
				TEST_TARGET_NAME = "Oncology Helper";
			};
			name = Release;
		};
/* End XCBuildConfiguration section */

/* Begin XCConfigurationList section */
		B2447A6123A7F2AB004AAD1F /* Build configuration list for PBXProject "Oncology Helper" */ = {
			isa = XCConfigurationList;
			buildConfigurations = (
				B2447A8E23A7F2AE004AAD1F /* Debug */,
				B2447A8F23A7F2AE004AAD1F /* Release */,
			);
			defaultConfigurationIsVisible = 0;
			defaultConfigurationName = Release;
		};
		B2447A9023A7F2AE004AAD1F /* Build configuration list for PBXNativeTarget "Oncology Helper" */ = {
			isa = XCConfigurationList;
			buildConfigurations = (
				B2447A9123A7F2AE004AAD1F /* Debug */,
				B2447A9223A7F2AE004AAD1F /* Release */,
			);
			defaultConfigurationIsVisible = 0;
			defaultConfigurationName = Release;
		};
		B2447A9323A7F2AE004AAD1F /* Build configuration list for PBXNativeTarget "Oncology HelperTests" */ = {
			isa = XCConfigurationList;
			buildConfigurations = (
				B2447A9423A7F2AE004AAD1F /* Debug */,
				B2447A9523A7F2AE004AAD1F /* Release */,
			);
			defaultConfigurationIsVisible = 0;
			defaultConfigurationName = Release;
		};
		B2447A9623A7F2AE004AAD1F /* Build configuration list for PBXNativeTarget "Oncology HelperUITests" */ = {
			isa = XCConfigurationList;
			buildConfigurations = (
				B2447A9723A7F2AE004AAD1F /* Debug */,
				B2447A9823A7F2AE004AAD1F /* Release */,
			);
			defaultConfigurationIsVisible = 0;
			defaultConfigurationName = Release;
		};
/* End XCConfigurationList section */
	};
	rootObject = B2447A5E23A7F2AB004AAD1F /* Project object */;
}
